<?xml version="1.0" encoding="utf-8"?>
<Project ToolsVersion="4.0" xmlns="http://schemas.microsoft.com/developer/msbuild/2003">
  <ItemGroup>
    <Filter Include="Source Files">
      <UniqueIdentifier>{4FC737F1-C7A5-4376-A066-2A32D752A2FF}</UniqueIdentifier>
      <Extensions>cpp;c;cc;cxx;c++;cppm;ixx;def;odl;idl;hpj;bat;asm;asmx</Extensions>
    </Filter>
    <Filter Include="Header Files">
      <UniqueIdentifier>{93995380-89BD-4b04-88EB-625FBE52EBFB}</UniqueIdentifier>
      <Extensions>h;hh;hpp;hxx;h++;hm;inl;inc;ipp;xsd</Extensions>
    </Filter>
    <Filter Include="Resource Files">
      <UniqueIdentifier>{67DA6AB6-F800-4c08-8B7A-83BB121AAD01}</UniqueIdentifier>
      <Extensions>rc;ico;cur;bmp;dlg;rc2;rct;bin;rgs;gif;jpg;jpeg;jpe;resx;tiff;tif;png;wav;mfcribbon-ms</Extensions>
    </Filter>
    <Filter Include="3dfx Headers">
      <UniqueIdentifier>{43149afd-a9f5-4a7d-a23a-f48a909114f6}</UniqueIdentifier>
    </Filter>
  </ItemGroup>
  <ItemGroup>
    <ClCompile Include="..\api.c">
      <Filter>Source Files</Filter>
    </ClCompile>
    <ClCompile Include="..\fx.c">
      <Filter>Source Files</Filter>
    </ClCompile>
    <ClCompile Include="..\fxgeom.c">
      <Filter>Source Files</Filter>
    </ClCompile>
    <ClCompile Include="..\fxtext.c">
      <Filter>Source Files</Filter>
    </ClCompile>
    <ClCompile Include="..\main.c">
      <Filter>Source Files</Filter>
    </ClCompile>
    <ClCompile Include="..\util.c">
      <Filter>Source Files</Filter>
    </ClCompile>
    <ClCompile Include="..\version.c">
      <Filter>Source Files</Filter>
    </ClCompile>
    <ClCompile Include="..\pch.c">
      <Filter>Source Files</Filter>
    </ClCompile>
  </ItemGroup>
  <ItemGroup>
    <None Include="..\Readme.md" />
  </ItemGroup>
  <ItemGroup>
    <ClInclude Include="..\X.H">
      <Filter>Header Files</Filter>
    </ClInclude>
    <ClInclude Include="..\api.h">
      <Filter>Header Files</Filter>
    </ClInclude>
    <ClInclude Include="..\fx.h">
      <Filter>Header Files</Filter>
    </ClInclude>
    <ClInclude Include="..\fxgeom.h">
      <Filter>Header Files</Filter>
    </ClInclude>
    <ClInclude Include="..\fxtext.h">
      <Filter>Header Files</Filter>
    </ClInclude>
    <ClInclude Include="..\util.h">
      <Filter>Header Files</Filter>
    </ClInclude>
    <ClInclude Include="..\version.h">
      <Filter>Header Files</Filter>
    </ClInclude>
    <ClInclude Include="..\pch.h">
      <Filter>Header Files</Filter>
    </ClInclude>
    <ClInclude Include="..\main.h">
      <Filter>Header Files</Filter>
    </ClInclude>
    <ClInclude Include="..\state.h">
      <Filter>Header Files</Filter>
    </ClInclude>
    <ClInclude Include="..\3dfx_headers\3DFX.H">
      <Filter>3dfx Headers</Filter>
    </ClInclude>
    <ClInclude Include="..\3dfx_headers\FXDLL.H">
      <Filter>3dfx Headers</Filter>
    </ClInclude>
    <ClInclude Include="..\3dfx_headers\FXGLOB.H">
      <Filter>3dfx Headers</Filter>
    </ClInclude>
    <ClInclude Include="..\3dfx_headers\FXOS.H">
      <Filter>3dfx Headers</Filter>
    </ClInclude>
    <ClInclude Include="..\3dfx_headers\glide.h">
      <Filter>3dfx Headers</Filter>
    </ClInclude>
    <ClInclude Include="..\3dfx_headers\glidesys.h">
      <Filter>3dfx Headers</Filter>
    </ClInclude>
    <ClInclude Include="..\3dfx_headers\glideutl.h">
      <Filter>3dfx Headers</Filter>
    </ClInclude>
    <ClInclude Include="..\3dfx_headers\SST1VID.H">
      <Filter>3dfx Headers</Filter>
    </ClInclude>
  </ItemGroup>
</Project>