<?xml version="1.0" encoding="utf-8"?>
<Project ToolsVersion="4.0" xmlns="http://schemas.microsoft.com/developer/msbuild/2003">
  <ItemGroup>
    <Filter Include="Source Files">
      <UniqueIdentifier>{4FC737F1-C7A5-4376-A066-2A32D752A2FF}</UniqueIdentifier>
      <Extensions>cpp;c;cc;cxx;c++;cppm;ixx;def;odl;idl;hpj;bat;asm;asmx</Extensions>
    </Filter>
    <Filter Include="Header Files">
      <UniqueIdentifier>{93995380-89BD-4b04-88EB-625FBE52EBFB}</UniqueIdentifier>
      <Extensions>h;hh;hpp;hxx;h++;hm;inl;inc;ipp;xsd</Extensions>
    </Filter>
    <Filter Include="Resource Files">
      <UniqueIdentifier>{67DA6AB6-F800-4c08-8B7A-83BB121AAD01}</UniqueIdentifier>
      <Extensions>rc;ico;cur;bmp;dlg;rc2;rct;bin;rgs;gif;jpg;jpeg;jpe;resx;tiff;tif;png;wav;mfcribbon-ms</Extensions>
    </Filter>
  </ItemGroup>
  <ItemGroup>
    <ClInclude Include="..\src\resources\RESOURCE.H">
      <Filter>Resource Files</Filter>
    </ClInclude>
    <ClInclude Include="..\src\console.h">
      <Filter>Header Files</Filter>
    </ClInclude>
    <ClInclude Include="..\src\cpua.h">
      <Filter>Header Files</Filter>
    </ClInclude>
    <ClInclude Include="..\src\dlist.h">
      <Filter>Header Files</Filter>
    </ClInclude>
    <ClInclude Include="..\src\inifile.h">
      <Filter>Header Files</Filter>
    </ClInclude>
    <ClInclude Include="..\src\listview.h">
      <Filter>Header Files</Filter>
    </ClInclude>
    <ClInclude Include="..\src\loadsave.h">
      <Filter>Header Files</Filter>
    </ClInclude>
    <ClInclude Include="..\src\main.h">
      <Filter>Header Files</Filter>
    </ClInclude>
    <ClInclude Include="..\src\opdefs.h">
      <Filter>Header Files</Filter>
    </ClInclude>
    <ClInclude Include="..\src\os.h">
      <Filter>Header Files</Filter>
    </ClInclude>
    <ClInclude Include="..\src\oscall.h">
      <Filter>Header Files</Filter>
    </ClInclude>
    <ClInclude Include="..\src\osignore.h">
      <Filter>Header Files</Filter>
    </ClInclude>
    <ClInclude Include="..\src\ospatch.h">
      <Filter>Header Files</Filter>
    </ClInclude>
    <ClInclude Include="..\src\rdp.h">
      <Filter>Header Files</Filter>
    </ClInclude>
    <ClInclude Include="..\src\slist.h">
      <Filter>Header Files</Filter>
    </ClInclude>
    <ClInclude Include="..\src\sound.h">
      <Filter>Header Files</Filter>
    </ClInclude>
    <ClInclude Include="..\src\stdsdk.h">
      <Filter>Header Files</Filter>
    </ClInclude>
    <ClInclude Include="..\src\sync.h">
      <Filter>Header Files</Filter>
    </ClInclude>
    <ClInclude Include="..\src\timer.h">
      <Filter>Header Files</Filter>
    </ClInclude>
    <ClInclude Include="..\src\ultra.h">
      <Filter>Header Files</Filter>
    </ClInclude>
    <ClInclude Include="..\src\ultrahle.h">
      <Filter>Header Files</Filter>
    </ClInclude>
    <ClInclude Include="..\src\version.h">
      <Filter>Header Files</Filter>
    </ClInclude>
    <ClInclude Include="..\src\x.h">
      <Filter>Header Files</Filter>
    </ClInclude>
    <ClInclude Include="..\src\zlist.h">
      <Filter>Header Files</Filter>
    </ClInclude>
    <ClInclude Include="..\src\mem.h">
      <Filter>Header Files</Filter>
    </ClInclude>
    <ClInclude Include="..\src\hw.h">
      <Filter>Header Files</Filter>
    </ClInclude>
    <ClInclude Include="..\src\cart.h">
      <Filter>Header Files</Filter>
    </ClInclude>
    <ClInclude Include="..\src\disasm.h">
      <Filter>Header Files</Filter>
    </ClInclude>
    <ClInclude Include="..\src\log.h">
      <Filter>Header Files</Filter>
    </ClInclude>
    <ClInclude Include="..\src\sym.h">
      <Filter>Header Files</Filter>
    </ClInclude>
    <ClInclude Include="..\src\pad.h">
      <Filter>Header Files</Filter>
    </ClInclude>
    <ClInclude Include="..\src\debugui.h">
      <Filter>Header Files</Filter>
    </ClInclude>
    <ClInclude Include="..\src\patch.h">
      <Filter>Header Files</Filter>
    </ClInclude>
    <ClInclude Include="..\src\boot.h">
      <Filter>Header Files</Filter>
    </ClInclude>
    <ClInclude Include="..\src\cpu.h">
      <Filter>Header Files</Filter>
    </ClInclude>
    <ClInclude Include="..\src\cmd.h">
      <Filter>Header Files</Filter>
    </ClInclude>
    <ClInclude Include="..\src\rsp.h">
      <Filter>Header Files</Filter>
    </ClInclude>
  </ItemGroup>
  <ItemGroup>
    <Library Include="..\src\GLIDE2X.LIB" />
  </ItemGroup>
  <ItemGroup>
    <Image Include="..\src\resources\A.BMP">
      <Filter>Resource Files</Filter>
    </Image>
    <Image Include="..\src\resources\AUDIO.ICO">
      <Filter>Resource Files</Filter>
    </Image>
    <Image Include="..\src\resources\AUSTRAL.ICO">
      <Filter>Resource Files</Filter>
    </Image>
    <Image Include="..\src\resources\B.BMP">
      <Filter>Resource Files</Filter>
    </Image>
    <Image Include="..\src\resources\C_DOWN.BMP">
      <Filter>Resource Files</Filter>
    </Image>
    <Image Include="..\src\resources\C_LEFT.BMP">
      <Filter>Resource Files</Filter>
    </Image>
    <Image Include="..\src\resources\C_RIGHT.BMP">
      <Filter>Resource Files</Filter>
    </Image>
    <Image Include="..\src\resources\C_UP.BMP">
      <Filter>Resource Files</Filter>
    </Image>
    <Image Include="..\src\resources\D_DOWN.BMP">
      <Filter>Resource Files</Filter>
    </Image>
    <Image Include="..\src\resources\D_LEFT.BMP">
      <Filter>Resource Files</Filter>
    </Image>
    <Image Include="..\src\resources\D_RIGHT.BMP">
      <Filter>Resource Files</Filter>
    </Image>
    <Image Include="..\src\resources\D_UP.BMP">
      <Filter>Resource Files</Filter>
    </Image>
    <Image Include="..\src\resources\DEBUG.ICO">
      <Filter>Resource Files</Filter>
    </Image>
    <Image Include="..\src\resources\EUROPE.ICO">
      <Filter>Resource Files</Filter>
    </Image>
    <Image Include="..\src\resources\GERMANY.ICO">
      <Filter>Resource Files</Filter>
    </Image>
    <Image Include="..\src\resources\JAPAN.ICO">
      <Filter>Resource Files</Filter>
    </Image>
    <Image Include="..\src\resources\LEFT.BMP">
      <Filter>Resource Files</Filter>
    </Image>
    <Image Include="..\src\resources\N_LOGO.BMP">
      <Filter>Resource Files</Filter>
    </Image>
    <Image Include="..\src\resources\N64CART.ICO">
      <Filter>Resource Files</Filter>
    </Image>
    <Image Include="..\src\resources\N64CNTRL.ICO">
      <Filter>Resource Files</Filter>
    </Image>
    <Image Include="..\src\resources\N64LOGO.ICO">
      <Filter>Resource Files</Filter>
    </Image>
    <Image Include="..\src\resources\RIGHT.BMP">
      <Filter>Resource Files</Filter>
    </Image>
    <Image Include="..\src\resources\START.BMP">
      <Filter>Resource Files</Filter>
    </Image>
    <Image Include="..\src\resources\USA.ICO">
      <Filter>Resource Files</Filter>
    </Image>
    <Image Include="..\src\resources\VIDEO.ICO">
      <Filter>Resource Files</Filter>
    </Image>
    <Image Include="..\src\resources\Z.BMP">
      <Filter>Resource Files</Filter>
    </Image>
  </ItemGroup>
  <ItemGroup>
    <ResourceCompile Include="..\src\resources\UltraHLE.rc">
      <Filter>Resource Files</Filter>
    </ResourceCompile>
  </ItemGroup>
  <ItemGroup>
    <ClCompile Include="..\src\boot.c">
      <Filter>Source Files</Filter>
    </ClCompile>
    <ClCompile Include="..\src\cart.c">
      <Filter>Source Files</Filter>
    </ClCompile>
    <ClCompile Include="..\src\cmd.cpp">
      <Filter>Source Files</Filter>
    </ClCompile>
    <ClCompile Include="..\src\console.c">
      <Filter>Source Files</Filter>
    </ClCompile>
    <ClCompile Include="..\src\cpu.c">
      <Filter>Source Files</Filter>
    </ClCompile>
    <ClCompile Include="..\src\cpua.c">
      <Filter>Source Files</Filter>
    </ClCompile>
    <ClCompile Include="..\src\cpuanew.c">
      <Filter>Source Files</Filter>
    </ClCompile>
    <ClCompile Include="..\src\cpuautil.c">
      <Filter>Source Files</Filter>
    </ClCompile>
    <ClCompile Include="..\src\cpuc.c">
      <Filter>Source Files</Filter>
    </ClCompile>
    <ClCompile Include="..\src\debugui.c">
      <Filter>Source Files</Filter>
    </ClCompile>
    <ClCompile Include="..\src\disasm.c">
      <Filter>Source Files</Filter>
    </ClCompile>
    <ClCompile Include="..\src\disasm86.c">
      <Filter>Source Files</Filter>
    </ClCompile>
    <ClCompile Include="..\src\dlist.c">
      <Filter>Source Files</Filter>
    </ClCompile>
    <ClCompile Include="..\src\hw.c">
      <Filter>Source Files</Filter>
    </ClCompile>
    <ClCompile Include="..\src\inifile.c">
      <Filter>Source Files</Filter>
    </ClCompile>
    <ClCompile Include="..\src\listview.c">
      <Filter>Source Files</Filter>
    </ClCompile>
    <ClCompile Include="..\src\loadsave.c">
      <Filter>Source Files</Filter>
    </ClCompile>
    <ClCompile Include="..\src\log.c">
      <Filter>Source Files</Filter>
    </ClCompile>
    <ClCompile Include="..\src\main.c">
      <Filter>Source Files</Filter>
    </ClCompile>
    <ClCompile Include="..\src\mem.c">
      <Filter>Source Files</Filter>
    </ClCompile>
    <ClCompile Include="..\src\os.c">
      <Filter>Source Files</Filter>
    </ClCompile>
    <ClCompile Include="..\src\pad.c">
      <Filter>Source Files</Filter>
    </ClCompile>
    <ClCompile Include="..\src\patch.c">
      <Filter>Source Files</Filter>
    </ClCompile>
    <ClCompile Include="..\src\rdp.c">
      <Filter>Source Files</Filter>
    </ClCompile>
    <ClCompile Include="..\src\slist.c">
      <Filter>Source Files</Filter>
    </ClCompile>
    <ClCompile Include="..\src\sound.c">
      <Filter>Source Files</Filter>
    </ClCompile>
    <ClCompile Include="..\src\sym.c">
      <Filter>Source Files</Filter>
    </ClCompile>
    <ClCompile Include="..\src\sync.c">
      <Filter>Source Files</Filter>
    </ClCompile>
    <ClCompile Include="..\src\timer.c">
      <Filter>Source Files</Filter>
    </ClCompile>
    <ClCompile Include="..\src\ultrahle.c">
      <Filter>Source Files</Filter>
    </ClCompile>
    <ClCompile Include="..\src\zlist.c">
      <Filter>Source Files</Filter>
    </ClCompile>
    <ClCompile Include="..\src\rsp.c">
      <Filter>Source Files</Filter>
    </ClCompile>
  </ItemGroup>
</Project>