<?xml version="1.0" encoding="utf-8"?>
<Project ToolsVersion="4.0" xmlns="http://schemas.microsoft.com/developer/msbuild/2003">
  <ItemGroup>
    <Filter Include="Source Files">
      <UniqueIdentifier>{4FC737F1-C7A5-4376-A066-2A32D752A2FF}</UniqueIdentifier>
      <Extensions>cpp;c;cc;cxx;c++;cppm;ixx;def;odl;idl;hpj;bat;asm;asmx</Extensions>
    </Filter>
    <Filter Include="Header Files">
      <UniqueIdentifier>{93995380-89BD-4b04-88EB-625FBE52EBFB}</UniqueIdentifier>
      <Extensions>h;hh;hpp;hxx;h++;hm;inl;inc;ipp;xsd</Extensions>
    </Filter>
    <Filter Include="Resource Files">
      <UniqueIdentifier>{67DA6AB6-F800-4c08-8B7A-83BB121AAD01}</UniqueIdentifier>
      <Extensions>rc;ico;cur;bmp;dlg;rc2;rct;bin;rgs;gif;jpg;jpeg;jpe;resx;tiff;tif;png;wav;mfcribbon-ms</Extensions>
    </Filter>
  </ItemGroup>
  <ItemGroup>
    <ClCompile Include="..\src\BOOT.C">
      <Filter>Source Files</Filter>
    </ClCompile>
    <ClCompile Include="..\src\CART.C">
      <Filter>Source Files</Filter>
    </ClCompile>
    <ClCompile Include="..\src\CMD.C">
      <Filter>Source Files</Filter>
    </ClCompile>
    <ClCompile Include="..\src\CONSOLE.C">
      <Filter>Source Files</Filter>
    </ClCompile>
    <ClCompile Include="..\src\CPU.C">
      <Filter>Source Files</Filter>
    </ClCompile>
    <ClCompile Include="..\src\CPUA.C">
      <Filter>Source Files</Filter>
    </ClCompile>
    <ClCompile Include="..\src\CPUANEW.C">
      <Filter>Source Files</Filter>
    </ClCompile>
    <ClCompile Include="..\src\CPUAUTIL.C">
      <Filter>Source Files</Filter>
    </ClCompile>
    <ClCompile Include="..\src\CPUC.C">
      <Filter>Source Files</Filter>
    </ClCompile>
    <ClCompile Include="..\src\CPUG.C">
      <Filter>Source Files</Filter>
    </ClCompile>
    <ClCompile Include="..\src\DEBUGUI.C">
      <Filter>Source Files</Filter>
    </ClCompile>
    <ClCompile Include="..\src\DISASM.C">
      <Filter>Source Files</Filter>
    </ClCompile>
    <ClCompile Include="..\src\DISASM86.C">
      <Filter>Source Files</Filter>
    </ClCompile>
    <ClCompile Include="..\src\DLIST.C">
      <Filter>Source Files</Filter>
    </ClCompile>
    <ClCompile Include="..\src\HW.C">
      <Filter>Source Files</Filter>
    </ClCompile>
    <ClCompile Include="..\src\INIFILE.C">
      <Filter>Source Files</Filter>
    </ClCompile>
    <ClCompile Include="..\src\LISTVIEW.C">
      <Filter>Source Files</Filter>
    </ClCompile>
    <ClCompile Include="..\src\LOADSAVE.C">
      <Filter>Source Files</Filter>
    </ClCompile>
    <ClCompile Include="..\src\LOG.C">
      <Filter>Source Files</Filter>
    </ClCompile>
    <ClCompile Include="..\src\MAIN.C">
      <Filter>Source Files</Filter>
    </ClCompile>
    <ClCompile Include="..\src\MEM.C">
      <Filter>Source Files</Filter>
    </ClCompile>
    <ClCompile Include="..\src\OS.C">
      <Filter>Source Files</Filter>
    </ClCompile>
    <ClCompile Include="..\src\PAD.C">
      <Filter>Source Files</Filter>
    </ClCompile>
    <ClCompile Include="..\src\PATCH.C">
      <Filter>Source Files</Filter>
    </ClCompile>
    <ClCompile Include="..\src\RDP.C">
      <Filter>Source Files</Filter>
    </ClCompile>
    <ClCompile Include="..\src\SLIST.C">
      <Filter>Source Files</Filter>
    </ClCompile>
    <ClCompile Include="..\src\SOUND.C">
      <Filter>Source Files</Filter>
    </ClCompile>
    <ClCompile Include="..\src\SYM.C">
      <Filter>Source Files</Filter>
    </ClCompile>
    <ClCompile Include="..\src\SYMFIND.C">
      <Filter>Source Files</Filter>
    </ClCompile>
    <ClCompile Include="..\src\SYNC.C">
      <Filter>Source Files</Filter>
    </ClCompile>
    <ClCompile Include="..\src\TIMER.C">
      <Filter>Source Files</Filter>
    </ClCompile>
    <ClCompile Include="..\src\Ultrahle.c">
      <Filter>Source Files</Filter>
    </ClCompile>
    <ClCompile Include="..\src\ZLIST.C">
      <Filter>Source Files</Filter>
    </ClCompile>
  </ItemGroup>
  <ItemGroup>
    <ClInclude Include="..\src\CONSOLE.H">
      <Filter>Header Files</Filter>
    </ClInclude>
    <ClInclude Include="..\src\CPUA.H">
      <Filter>Header Files</Filter>
    </ClInclude>
    <ClInclude Include="..\src\LISTVIEW.H">
      <Filter>Header Files</Filter>
    </ClInclude>
    <ClInclude Include="..\src\LOADSAVE.H">
      <Filter>Header Files</Filter>
    </ClInclude>
    <ClInclude Include="..\src\MAIN.H">
      <Filter>Header Files</Filter>
    </ClInclude>
    <ClInclude Include="..\src\OPDEFS_C.H">
      <Filter>Header Files</Filter>
    </ClInclude>
    <ClInclude Include="..\src\OS.H">
      <Filter>Header Files</Filter>
    </ClInclude>
    <ClInclude Include="..\src\OSCALL.H">
      <Filter>Header Files</Filter>
    </ClInclude>
    <ClInclude Include="..\src\Osignore.h">
      <Filter>Header Files</Filter>
    </ClInclude>
    <ClInclude Include="..\src\OSPATCH.H">
      <Filter>Header Files</Filter>
    </ClInclude>
    <ClInclude Include="..\src\RDP.H">
      <Filter>Header Files</Filter>
    </ClInclude>
    <ClInclude Include="..\src\SOUND.H">
      <Filter>Header Files</Filter>
    </ClInclude>
    <ClInclude Include="..\src\STDSDK.H">
      <Filter>Header Files</Filter>
    </ClInclude>
    <ClInclude Include="..\src\TIMER.H">
      <Filter>Header Files</Filter>
    </ClInclude>
    <ClInclude Include="..\src\ULTRA.H">
      <Filter>Header Files</Filter>
    </ClInclude>
    <ClInclude Include="..\src\ULTRAHLE.H">
      <Filter>Header Files</Filter>
    </ClInclude>
    <ClInclude Include="..\src\VERSION.H">
      <Filter>Header Files</Filter>
    </ClInclude>
    <ClInclude Include="..\src\X.H">
      <Filter>Header Files</Filter>
    </ClInclude>
    <ClInclude Include="..\src\resources\RESOURCE.H">
      <Filter>Resource Files</Filter>
    </ClInclude>
    <ClInclude Include="..\src\DLIST.H">
      <Filter>Header Files</Filter>
    </ClInclude>
    <ClInclude Include="..\src\SLIST.H">
      <Filter>Header Files</Filter>
    </ClInclude>
    <ClInclude Include="..\src\ZLIST.H">
      <Filter>Header Files</Filter>
    </ClInclude>
    <ClInclude Include="..\src\INIFILE.H">
      <Filter>Header Files</Filter>
    </ClInclude>
    <ClInclude Include="..\src\SYNC.H">
      <Filter>Header Files</Filter>
    </ClInclude>
  </ItemGroup>
  <ItemGroup>
    <Library Include="..\src\GLIDE2X.LIB" />
  </ItemGroup>
  <ItemGroup>
    <Image Include="..\src\resources\A.BMP">
      <Filter>Resource Files</Filter>
    </Image>
    <Image Include="..\src\resources\AUDIO.ICO">
      <Filter>Resource Files</Filter>
    </Image>
    <Image Include="..\src\resources\AUSTRAL.ICO">
      <Filter>Resource Files</Filter>
    </Image>
    <Image Include="..\src\resources\B.BMP">
      <Filter>Resource Files</Filter>
    </Image>
    <Image Include="..\src\resources\C_DOWN.BMP">
      <Filter>Resource Files</Filter>
    </Image>
    <Image Include="..\src\resources\C_LEFT.BMP">
      <Filter>Resource Files</Filter>
    </Image>
    <Image Include="..\src\resources\C_RIGHT.BMP">
      <Filter>Resource Files</Filter>
    </Image>
    <Image Include="..\src\resources\C_UP.BMP">
      <Filter>Resource Files</Filter>
    </Image>
    <Image Include="..\src\resources\D_DOWN.BMP">
      <Filter>Resource Files</Filter>
    </Image>
    <Image Include="..\src\resources\D_LEFT.BMP">
      <Filter>Resource Files</Filter>
    </Image>
    <Image Include="..\src\resources\D_RIGHT.BMP">
      <Filter>Resource Files</Filter>
    </Image>
    <Image Include="..\src\resources\D_UP.BMP">
      <Filter>Resource Files</Filter>
    </Image>
    <Image Include="..\src\resources\DEBUG.ICO">
      <Filter>Resource Files</Filter>
    </Image>
    <Image Include="..\src\resources\EUROPE.ICO">
      <Filter>Resource Files</Filter>
    </Image>
    <Image Include="..\src\resources\GERMANY.ICO">
      <Filter>Resource Files</Filter>
    </Image>
    <Image Include="..\src\resources\JAPAN.ICO">
      <Filter>Resource Files</Filter>
    </Image>
    <Image Include="..\src\resources\LEFT.BMP">
      <Filter>Resource Files</Filter>
    </Image>
    <Image Include="..\src\resources\N_LOGO.BMP">
      <Filter>Resource Files</Filter>
    </Image>
    <Image Include="..\src\resources\N64CART.ICO">
      <Filter>Resource Files</Filter>
    </Image>
    <Image Include="..\src\resources\N64CNTRL.ICO">
      <Filter>Resource Files</Filter>
    </Image>
    <Image Include="..\src\resources\N64LOGO.ICO">
      <Filter>Resource Files</Filter>
    </Image>
    <Image Include="..\src\resources\RIGHT.BMP">
      <Filter>Resource Files</Filter>
    </Image>
    <Image Include="..\src\resources\START.BMP">
      <Filter>Resource Files</Filter>
    </Image>
    <Image Include="..\src\resources\USA.ICO">
      <Filter>Resource Files</Filter>
    </Image>
    <Image Include="..\src\resources\VIDEO.ICO">
      <Filter>Resource Files</Filter>
    </Image>
    <Image Include="..\src\resources\Z.BMP">
      <Filter>Resource Files</Filter>
    </Image>
  </ItemGroup>
  <ItemGroup>
    <ResourceCompile Include="..\src\resources\UltraHLE.rc">
      <Filter>Resource Files</Filter>
    </ResourceCompile>
  </ItemGroup>
</Project>